// !$*UTF8*$!
{
	archiveVersion = 1;
	classes = {
	};
	objectVersion = 56;
	objects = {

/* Begin PBXBuildFile section */
		978726552A0014F20014C5C0 /* NewMockDataService.swift in Sources */ = {isa = PBXBuildFile; fileRef = 978726542A0014F20014C5C0 /* NewMockDataService.swift */; };
		978726572A0015310014C5C0 /* NewMockDataService_Tests.swift in Sources */ = {isa = PBXBuildFile; fileRef = 978726562A0015310014C5C0 /* NewMockDataService_Tests.swift */; };
		979B562329FF36B90059B6DD /* UnitTestingApp.swift in Sources */ = {isa = PBXBuildFile; fileRef = 979B562229FF36B90059B6DD /* UnitTestingApp.swift */; };
		979B562529FF36B90059B6DD /* ContentView.swift in Sources */ = {isa = PBXBuildFile; fileRef = 979B562429FF36B90059B6DD /* ContentView.swift */; };
		979B562729FF36BB0059B6DD /* Assets.xcassets in Resources */ = {isa = PBXBuildFile; fileRef = 979B562629FF36BB0059B6DD /* Assets.xcassets */; };
		979B562A29FF36BB0059B6DD /* Preview Assets.xcassets in Resources */ = {isa = PBXBuildFile; fileRef = 979B562929FF36BB0059B6DD /* Preview Assets.xcassets */; };
		979B563129FF38AC0059B6DD /* UnitTestingBootCampView.swift in Sources */ = {isa = PBXBuildFile; fileRef = 979B563029FF38AC0059B6DD /* UnitTestingBootCampView.swift */; };
		979B563329FF3B060059B6DD /* UnitTestingBootCampViewModel.swift in Sources */ = {isa = PBXBuildFile; fileRef = 979B563229FF3B060059B6DD /* UnitTestingBootCampViewModel.swift */; };
		979B563B29FF3C110059B6DD /* UnitTesting_Tests.swift in Sources */ = {isa = PBXBuildFile; fileRef = 979B563A29FF3C110059B6DD /* UnitTesting_Tests.swift */; };
		979B564229FF3D870059B6DD /* UnitTestingBootCampViewModel_Tests.swift in Sources */ = {isa = PBXBuildFile; fileRef = 979B564129FF3D870059B6DD /* UnitTestingBootCampViewModel_Tests.swift */; };
/* End PBXBuildFile section */

/* Begin PBXContainerItemProxy section */
		979B563C29FF3C110059B6DD /* PBXContainerItemProxy */ = {
			isa = PBXContainerItemProxy;
			containerPortal = 979B561729FF36B90059B6DD /* Project object */;
			proxyType = 1;
			remoteGlobalIDString = 979B561E29FF36B90059B6DD;
			remoteInfo = UnitTesting;
		};
/* End PBXContainerItemProxy section */

/* Begin PBXFileReference section */
		978726542A0014F20014C5C0 /* NewMockDataService.swift */ = {isa = PBXFileReference; lastKnownFileType = sourcecode.swift; path = NewMockDataService.swift; sourceTree = "<group>"; };
		978726562A0015310014C5C0 /* NewMockDataService_Tests.swift */ = {isa = PBXFileReference; lastKnownFileType = sourcecode.swift; path = NewMockDataService_Tests.swift; sourceTree = "<group>"; };
		979B561F29FF36B90059B6DD /* UnitTesting.app */ = {isa = PBXFileReference; explicitFileType = wrapper.application; includeInIndex = 0; path = UnitTesting.app; sourceTree = BUILT_PRODUCTS_DIR; };
		979B562229FF36B90059B6DD /* UnitTestingApp.swift */ = {isa = PBXFileReference; lastKnownFileType = sourcecode.swift; path = UnitTestingApp.swift; sourceTree = "<group>"; };
		979B562429FF36B90059B6DD /* ContentView.swift */ = {isa = PBXFileReference; lastKnownFileType = sourcecode.swift; path = ContentView.swift; sourceTree = "<group>"; };
		979B562629FF36BB0059B6DD /* Assets.xcassets */ = {isa = PBXFileReference; lastKnownFileType = folder.assetcatalog; path = Assets.xcassets; sourceTree = "<group>"; };
		979B562929FF36BB0059B6DD /* Preview Assets.xcassets */ = {isa = PBXFileReference; lastKnownFileType = folder.assetcatalog; path = "Preview Assets.xcassets"; sourceTree = "<group>"; };
		979B563029FF38AC0059B6DD /* UnitTestingBootCampView.swift */ = {isa = PBXFileReference; lastKnownFileType = sourcecode.swift; path = UnitTestingBootCampView.swift; sourceTree = "<group>"; };
		979B563229FF3B060059B6DD /* UnitTestingBootCampViewModel.swift */ = {isa = PBXFileReference; lastKnownFileType = sourcecode.swift; path = UnitTestingBootCampViewModel.swift; sourceTree = "<group>"; };
		979B563829FF3C110059B6DD /* UnitTesting_Tests.xctest */ = {isa = PBXFileReference; explicitFileType = wrapper.cfbundle; includeInIndex = 0; path = UnitTesting_Tests.xctest; sourceTree = BUILT_PRODUCTS_DIR; };
		979B563A29FF3C110059B6DD /* UnitTesting_Tests.swift */ = {isa = PBXFileReference; lastKnownFileType = sourcecode.swift; path = UnitTesting_Tests.swift; sourceTree = "<group>"; };
		979B564129FF3D870059B6DD /* UnitTestingBootCampViewModel_Tests.swift */ = {isa = PBXFileReference; lastKnownFileType = sourcecode.swift; path = UnitTestingBootCampViewModel_Tests.swift; sourceTree = "<group>"; };
/* End PBXFileReference section */

/* Begin PBXFrameworksBuildPhase section */
		979B561C29FF36B90059B6DD /* Frameworks */ = {
			isa = PBXFrameworksBuildPhase;
			buildActionMask = 2147483647;
			files = (
			);
			runOnlyForDeploymentPostprocessing = 0;
		};
		979B563529FF3C110059B6DD /* Frameworks */ = {
			isa = PBXFrameworksBuildPhase;
			buildActionMask = 2147483647;
			files = (
			);
			runOnlyForDeploymentPostprocessing = 0;
		};
/* End PBXFrameworksBuildPhase section */

/* Begin PBXGroup section */
		979B561629FF36B90059B6DD = {
			isa = PBXGroup;
			children = (
				979B562129FF36B90059B6DD /* UnitTesting */,
				979B563929FF3C110059B6DD /* UnitTesting_Tests */,
				979B562029FF36B90059B6DD /* Products */,
			);
			sourceTree = "<group>";
		};
		979B562029FF36B90059B6DD /* Products */ = {
			isa = PBXGroup;
			children = (
				979B561F29FF36B90059B6DD /* UnitTesting.app */,
				979B563829FF3C110059B6DD /* UnitTesting_Tests.xctest */,
			);
			name = Products;
			sourceTree = "<group>";
		};
		979B562129FF36B90059B6DD /* UnitTesting */ = {
			isa = PBXGroup;
			children = (
				979B562229FF36B90059B6DD /* UnitTestingApp.swift */,
				979B562429FF36B90059B6DD /* ContentView.swift */,
				979B563029FF38AC0059B6DD /* UnitTestingBootCampView.swift */,
				979B563229FF3B060059B6DD /* UnitTestingBootCampViewModel.swift */,
				978726542A0014F20014C5C0 /* NewMockDataService.swift */,
				979B562629FF36BB0059B6DD /* Assets.xcassets */,
				979B562829FF36BB0059B6DD /* Preview Content */,
			);
			path = UnitTesting;
			sourceTree = "<group>";
		};
		979B562829FF36BB0059B6DD /* Preview Content */ = {
			isa = PBXGroup;
			children = (
				979B562929FF36BB0059B6DD /* Preview Assets.xcassets */,
			);
			path = "Preview Content";
			sourceTree = "<group>";
		};
		979B563929FF3C110059B6DD /* UnitTesting_Tests */ = {
			isa = PBXGroup;
			children = (
				979B563A29FF3C110059B6DD /* UnitTesting_Tests.swift */,
				979B564129FF3D870059B6DD /* UnitTestingBootCampViewModel_Tests.swift */,
				978726562A0015310014C5C0 /* NewMockDataService_Tests.swift */,
			);
			path = UnitTesting_Tests;
			sourceTree = "<group>";
		};
/* End PBXGroup section */

/* Begin PBXNativeTarget section */
		979B561E29FF36B90059B6DD /* UnitTesting */ = {
			isa = PBXNativeTarget;
			buildConfigurationList = 979B562D29FF36BB0059B6DD /* Build configuration list for PBXNativeTarget "UnitTesting" */;
			buildPhases = (
				979B561B29FF36B90059B6DD /* Sources */,
				979B561C29FF36B90059B6DD /* Frameworks */,
				979B561D29FF36B90059B6DD /* Resources */,
			);
			buildRules = (
			);
			dependencies = (
			);
			name = UnitTesting;
			productName = UnitTesting;
			productReference = 979B561F29FF36B90059B6DD /* UnitTesting.app */;
			productType = "com.apple.product-type.application";
		};
		979B563729FF3C110059B6DD /* UnitTesting_Tests */ = {
			isa = PBXNativeTarget;
			buildConfigurationList = 979B563E29FF3C110059B6DD /* Build configuration list for PBXNativeTarget "UnitTesting_Tests" */;
			buildPhases = (
				979B563429FF3C110059B6DD /* Sources */,
				979B563529FF3C110059B6DD /* Frameworks */,
				979B563629FF3C110059B6DD /* Resources */,
			);
			buildRules = (
			);
			dependencies = (
				979B563D29FF3C110059B6DD /* PBXTargetDependency */,
			);
			name = UnitTesting_Tests;
			productName = UnitTesting_Tests;
			productReference = 979B563829FF3C110059B6DD /* UnitTesting_Tests.xctest */;
			productType = "com.apple.product-type.bundle.unit-test";
		};
/* End PBXNativeTarget section */

/* Begin PBXProject section */
		979B561729FF36B90059B6DD /* Project object */ = {
			isa = PBXProject;
			attributes = {
				BuildIndependentTargetsInParallel = 1;
				LastSwiftUpdateCheck = 1430;
				LastUpgradeCheck = 1430;
				TargetAttributes = {
					979B561E29FF36B90059B6DD = {
						CreatedOnToolsVersion = 14.3;
					};
					979B563729FF3C110059B6DD = {
						CreatedOnToolsVersion = 14.3;
						TestTargetID = 979B561E29FF36B90059B6DD;
					};
				};
			};
			buildConfigurationList = 979B561A29FF36B90059B6DD /* Build configuration list for PBXProject "UnitTesting" */;
			compatibilityVersion = "Xcode 14.0";
			developmentRegion = en;
			hasScannedForEncodings = 0;
			knownRegions = (
				en,
				Base,
			);
			mainGroup = 979B561629FF36B90059B6DD;
			productRefGroup = 979B562029FF36B90059B6DD /* Products */;
			projectDirPath = "";
			projectRoot = "";
			targets = (
				979B561E29FF36B90059B6DD /* UnitTesting */,
				979B563729FF3C110059B6DD /* UnitTesting_Tests */,
			);
		};
/* End PBXProject section */

/* Begin PBXResourcesBuildPhase section */
		979B561D29FF36B90059B6DD /* Resources */ = {
			isa = PBXResourcesBuildPhase;
			buildActionMask = 2147483647;
			files = (
				979B562A29FF36BB0059B6DD /* Preview Assets.xcassets in Resources */,
				979B562729FF36BB0059B6DD /* Assets.xcassets in Resources */,
			);
			runOnlyForDeploymentPostprocessing = 0;
		};
		979B563629FF3C110059B6DD /* Resources */ = {
			isa = PBXResourcesBuildPhase;
			buildActionMask = 2147483647;
			files = (
			);
			runOnlyForDeploymentPostprocessing = 0;
		};
/* End PBXResourcesBuildPhase section */

/* Begin PBXSourcesBuildPhase section */
		979B561B29FF36B90059B6DD /* Sources */ = {
			isa = PBXSourcesBuildPhase;
			buildActionMask = 2147483647;
			files = (
				979B563329FF3B060059B6DD /* UnitTestingBootCampViewModel.swift in Sources */,
				979B562529FF36B90059B6DD /* ContentView.swift in Sources */,
				979B562329FF36B90059B6DD /* UnitTestingApp.swift in Sources */,
				978726552A0014F20014C5C0 /* NewMockDataService.swift in Sources */,
				979B563129FF38AC0059B6DD /* UnitTestingBootCampView.swift in Sources */,
			);
			runOnlyForDeploymentPostprocessing = 0;
		};
		979B563429FF3C110059B6DD /* Sources */ = {
			isa = PBXSourcesBuildPhase;
			buildActionMask = 2147483647;
			files = (
				979B564229FF3D870059B6DD /* UnitTestingBootCampViewModel_Tests.swift in Sources */,
				979B563B29FF3C110059B6DD /* UnitTesting_Tests.swift in Sources */,
				978726572A0015310014C5C0 /* NewMockDataService_Tests.swift in Sources */,
			);
			runOnlyForDeploymentPostprocessing = 0;
		};
/* End PBXSourcesBuildPhase section */

/* Begin PBXTargetDependency section */
		979B563D29FF3C110059B6DD /* PBXTargetDependency */ = {
			isa = PBXTargetDependency;
			target = 979B561E29FF36B90059B6DD /* UnitTesting */;
			targetProxy = 979B563C29FF3C110059B6DD /* PBXContainerItemProxy */;
		};
/* End PBXTargetDependency section */

/* Begin XCBuildConfiguration section */
		979B562B29FF36BB0059B6DD /* Debug */ = {
			isa = XCBuildConfiguration;
			buildSettings = {
				ALWAYS_SEARCH_USER_PATHS = NO;
				CLANG_ANALYZER_NONNULL = YES;
				CLANG_ANALYZER_NUMBER_OBJECT_CONVERSION = YES_AGGRESSIVE;
				CLANG_CXX_LANGUAGE_STANDARD = "gnu++20";
				CLANG_ENABLE_MODULES = YES;
				CLANG_ENABLE_OBJC_ARC = YES;
				CLANG_ENABLE_OBJC_WEAK = YES;
				CLANG_WARN_BLOCK_CAPTURE_AUTORELEASING = YES;
				CLANG_WARN_BOOL_CONVERSION = YES;
				CLANG_WARN_COMMA = YES;
				CLANG_WARN_CONSTANT_CONVERSION = YES;
				CLANG_WARN_DEPRECATED_OBJC_IMPLEMENTATIONS = YES;
				CLANG_WARN_DIRECT_OBJC_ISA_USAGE = YES_ERROR;
				CLANG_WARN_DOCUMENTATION_COMMENTS = YES;
				CLANG_WARN_EMPTY_BODY = YES;
				CLANG_WARN_ENUM_CONVERSION = YES;
				CLANG_WARN_INFINITE_RECURSION = YES;
				CLANG_WARN_INT_CONVERSION = YES;
				CLANG_WARN_NON_LITERAL_NULL_CONVERSION = YES;
				CLANG_WARN_OBJC_IMPLICIT_RETAIN_SELF = YES;
				CLANG_WARN_OBJC_LITERAL_CONVERSION = YES;
				CLANG_WARN_OBJC_ROOT_CLASS = YES_ERROR;
				CLANG_WARN_QUOTED_INCLUDE_IN_FRAMEWORK_HEADER = YES;
				CLANG_WARN_RANGE_LOOP_ANALYSIS = YES;
				CLANG_WARN_STRICT_PROTOTYPES = YES;
				CLANG_WARN_SUSPICIOUS_MOVE = YES;
				CLANG_WARN_UNGUARDED_AVAILABILITY = YES_AGGRESSIVE;
				CLANG_WARN_UNREACHABLE_CODE = YES;
				CLANG_WARN__DUPLICATE_METHOD_MATCH = YES;
				COPY_PHASE_STRIP = NO;
				DEBUG_INFORMATION_FORMAT = dwarf;
				ENABLE_STRICT_OBJC_MSGSEND = YES;
				ENABLE_TESTABILITY = YES;
				GCC_C_LANGUAGE_STANDARD = gnu11;
				GCC_DYNAMIC_NO_PIC = NO;
				GCC_NO_COMMON_BLOCKS = YES;
				GCC_OPTIMIZATION_LEVEL = 0;
				GCC_PREPROCESSOR_DEFINITIONS = (
					"DEBUG=1",
					"$(inherited)",
				);
				GCC_WARN_64_TO_32_BIT_CONVERSION = YES;
				GCC_WARN_ABOUT_RETURN_TYPE = YES_ERROR;
				GCC_WARN_UNDECLARED_SELECTOR = YES;
				GCC_WARN_UNINITIALIZED_AUTOS = YES_AGGRESSIVE;
				GCC_WARN_UNUSED_FUNCTION = YES;
				GCC_WARN_UNUSED_VARIABLE = YES;
				IPHONEOS_DEPLOYMENT_TARGET = 16.4;
				MTL_ENABLE_DEBUG_INFO = INCLUDE_SOURCE;
				MTL_FAST_MATH = YES;
				ONLY_ACTIVE_ARCH = YES;
				SDKROOT = iphoneos;
				SWIFT_ACTIVE_COMPILATION_CONDITIONS = DEBUG;
				SWIFT_OPTIMIZATION_LEVEL = "-Onone";
			};
			name = Debug;
		};
		979B562C29FF36BB0059B6DD /* Release */ = {
			isa = XCBuildConfiguration;
			buildSettings = {
				ALWAYS_SEARCH_USER_PATHS = NO;
				CLANG_ANALYZER_NONNULL = YES;
				CLANG_ANALYZER_NUMBER_OBJECT_CONVERSION = YES_AGGRESSIVE;
				CLANG_CXX_LANGUAGE_STANDARD = "gnu++20";
				CLANG_ENABLE_MODULES = YES;
				CLANG_ENABLE_OBJC_ARC = YES;
				CLANG_ENABLE_OBJC_WEAK = YES;
				CLANG_WARN_BLOCK_CAPTURE_AUTORELEASING = YES;
				CLANG_WARN_BOOL_CONVERSION = YES;
				CLANG_WARN_COMMA = YES;
				CLANG_WARN_CONSTANT_CONVERSION = YES;
				CLANG_WARN_DEPRECATED_OBJC_IMPLEMENTATIONS = YES;
				CLANG_WARN_DIRECT_OBJC_ISA_USAGE = YES_ERROR;
				CLANG_WARN_DOCUMENTATION_COMMENTS = YES;
				CLANG_WARN_EMPTY_BODY = YES;
				CLANG_WARN_ENUM_CONVERSION = YES;
				CLANG_WARN_INFINITE_RECURSION = YES;
				CLANG_WARN_INT_CONVERSION = YES;
				CLANG_WARN_NON_LITERAL_NULL_CONVERSION = YES;
				CLANG_WARN_OBJC_IMPLICIT_RETAIN_SELF = YES;
				CLANG_WARN_OBJC_LITERAL_CONVERSION = YES;
				CLANG_WARN_OBJC_ROOT_CLASS = YES_ERROR;
				CLANG_WARN_QUOTED_INCLUDE_IN_FRAMEWORK_HEADER = YES;
				CLANG_WARN_RANGE_LOOP_ANALYSIS = YES;
				CLANG_WARN_STRICT_PROTOTYPES = YES;
				CLANG_WARN_SUSPICIOUS_MOVE = YES;
				CLANG_WARN_UNGUARDED_AVAILABILITY = YES_AGGRESSIVE;
				CLANG_WARN_UNREACHABLE_CODE = YES;
				CLANG_WARN__DUPLICATE_METHOD_MATCH = YES;
				COPY_PHASE_STRIP = NO;
				DEBUG_INFORMATION_FORMAT = "dwarf-with-dsym";
				ENABLE_NS_ASSERTIONS = NO;
				ENABLE_STRICT_OBJC_MSGSEND = YES;
				GCC_C_LANGUAGE_STANDARD = gnu11;
				GCC_NO_COMMON_BLOCKS = YES;
				GCC_WARN_64_TO_32_BIT_CONVERSION = YES;
				GCC_WARN_ABOUT_RETURN_TYPE = YES_ERROR;
				GCC_WARN_UNDECLARED_SELECTOR = YES;
				GCC_WARN_UNINITIALIZED_AUTOS = YES_AGGRESSIVE;
				GCC_WARN_UNUSED_FUNCTION = YES;
				GCC_WARN_UNUSED_VARIABLE = YES;
				IPHONEOS_DEPLOYMENT_TARGET = 16.4;
				MTL_ENABLE_DEBUG_INFO = NO;
				MTL_FAST_MATH = YES;
				SDKROOT = iphoneos;
				SWIFT_COMPILATION_MODE = wholemodule;
				SWIFT_OPTIMIZATION_LEVEL = "-O";
				VALIDATE_PRODUCT = YES;
			};
			name = Release;
		};
		979B562E29FF36BB0059B6DD /* Debug */ = {
			isa = XCBuildConfiguration;
			buildSettings = {
				ASSETCATALOG_COMPILER_APPICON_NAME = AppIcon;
				ASSETCATALOG_COMPILER_GLOBAL_ACCENT_COLOR_NAME = AccentColor;
				CODE_SIGN_STYLE = Automatic;
				CURRENT_PROJECT_VERSION = 1;
				DEVELOPMENT_ASSET_PATHS = "\"UnitTesting/Preview Content\"";
				DEVELOPMENT_TEAM = 5H48BX5PSY;
				ENABLE_PREVIEWS = YES;
				GENERATE_INFOPLIST_FILE = YES;
				INFOPLIST_KEY_UIApplicationSceneManifest_Generation = YES;
				INFOPLIST_KEY_UIApplicationSupportsIndirectInputEvents = YES;
				INFOPLIST_KEY_UILaunchScreen_Generation = YES;
				INFOPLIST_KEY_UISupportedInterfaceOrientations_iPad = "UIInterfaceOrientationPortrait UIInterfaceOrientationPortraitUpsideDown UIInterfaceOrientationLandscapeLeft UIInterfaceOrientationLandscapeRight";
				INFOPLIST_KEY_UISupportedInterfaceOrientations_iPhone = "UIInterfaceOrientationPortrait UIInterfaceOrientationLandscapeLeft UIInterfaceOrientationLandscapeRight";
				LD_RUNPATH_SEARCH_PATHS = (
					"$(inherited)",
					"@executable_path/Frameworks",
				);
				MARKETING_VERSION = 1.0;
				PRODUCT_BUNDLE_IDENTIFIER = me.Salah.Azoz.UnitTesting;
				PRODUCT_NAME = "$(TARGET_NAME)";
				SWIFT_EMIT_LOC_STRINGS = YES;
				SWIFT_VERSION = 5.0;
				TARGETED_DEVICE_FAMILY = "1,2";
			};
			name = Debug;
		};
		979B562F29FF36BB0059B6DD /* Release */ = {
			isa = XCBuildConfiguration;
			buildSettings = {
				ASSETCATALOG_COMPILER_APPICON_NAME = AppIcon;
				ASSETCATALOG_COMPILER_GLOBAL_ACCENT_COLOR_NAME = AccentColor;
				CODE_SIGN_STYLE = Automatic;
				CURRENT_PROJECT_VERSION = 1;
				DEVELOPMENT_ASSET_PATHS = "\"UnitTesting/Preview Content\"";
				DEVELOPMENT_TEAM = 5H48BX5PSY;
				ENABLE_PREVIEWS = YES;
				GENERATE_INFOPLIST_FILE = YES;
				INFOPLIST_KEY_UIApplicationSceneManifest_Generation = YES;
				INFOPLIST_KEY_UIApplicationSupportsIndirectInputEvents = YES;
				INFOPLIST_KEY_UILaunchScreen_Generation = YES;
				INFOPLIST_KEY_UISupportedInterfaceOrientations_iPad = "UIInterfaceOrientationPortrait UIInterfaceOrientationPortraitUpsideDown UIInterfaceOrientationLandscapeLeft UIInterfaceOrientationLandscapeRight";
				INFOPLIST_KEY_UISupportedInterfaceOrientations_iPhone = "UIInterfaceOrientationPortrait UIInterfaceOrientationLandscapeLeft UIInterfaceOrientationLandscapeRight";
				LD_RUNPATH_SEARCH_PATHS = (
					"$(inherited)",
					"@executable_path/Frameworks",
				);
				MARKETING_VERSION = 1.0;
				PRODUCT_BUNDLE_IDENTIFIER = me.Salah.Azoz.UnitTesting;
				PRODUCT_NAME = "$(TARGET_NAME)";
				SWIFT_EMIT_LOC_STRINGS = YES;
				SWIFT_VERSION = 5.0;
				TARGETED_DEVICE_FAMILY = "1,2";
			};
			name = Release;
		};
		979B563F29FF3C110059B6DD /* Debug */ = {
			isa = XCBuildConfiguration;
			buildSettings = {
				BUNDLE_LOADER = "$(TEST_HOST)";
				CODE_SIGN_STYLE = Automatic;
				CURRENT_PROJECT_VERSION = 1;
				DEVELOPMENT_TEAM = 5H48BX5PSY;
				GENERATE_INFOPLIST_FILE = YES;
				MARKETING_VERSION = 1.0;
				PRODUCT_BUNDLE_IDENTIFIER = "me.Salah.Azoz.UnitTesting-Tests";
				PRODUCT_NAME = "$(TARGET_NAME)";
				SWIFT_EMIT_LOC_STRINGS = NO;
				SWIFT_VERSION = 5.0;
				TARGETED_DEVICE_FAMILY = "1,2";
				TEST_HOST = "$(BUILT_PRODUCTS_DIR)/UnitTesting.app/$(BUNDLE_EXECUTABLE_FOLDER_PATH)/UnitTesting";
			};
			name = Debug;
		};
		979B564029FF3C110059B6DD /* Release */ = {
			isa = XCBuildConfiguration;
			buildSettings = {
				BUNDLE_LOADER = "$(TEST_HOST)";
				CODE_SIGN_STYLE = Automatic;
				CURRENT_PROJECT_VERSION = 1;
				DEVELOPMENT_TEAM = 5H48BX5PSY;
				GENERATE_INFOPLIST_FILE = YES;
				MARKETING_VERSION = 1.0;
				PRODUCT_BUNDLE_IDENTIFIER = "me.Salah.Azoz.UnitTesting-Tests";
				PRODUCT_NAME = "$(TARGET_NAME)";
				SWIFT_EMIT_LOC_STRINGS = NO;
				SWIFT_VERSION = 5.0;
				TARGETED_DEVICE_FAMILY = "1,2";
				TEST_HOST = "$(BUILT_PRODUCTS_DIR)/UnitTesting.app/$(BUNDLE_EXECUTABLE_FOLDER_PATH)/UnitTesting";
			};
			name = Release;
		};
/* End XCBuildConfiguration section */

/* Begin XCConfigurationList section */
		979B561A29FF36B90059B6DD /* Build configuration list for PBXProject "UnitTesting" */ = {
			isa = XCConfigurationList;
			buildConfigurations = (
				979B562B29FF36BB0059B6DD /* Debug */,
				979B562C29FF36BB0059B6DD /* Release */,
			);
			defaultConfigurationIsVisible = 0;
			defaultConfigurationName = Release;
		};
		979B562D29FF36BB0059B6DD /* Build configuration list for PBXNativeTarget "UnitTesting" */ = {
			isa = XCConfigurationList;
			buildConfigurations = (
				979B562E29FF36BB0059B6DD /* Debug */,
				979B562F29FF36BB0059B6DD /* Release */,
			);
			defaultConfigurationIsVisible = 0;
			defaultConfigurationName = Release;
		};
		979B563E29FF3C110059B6DD /* Build configuration list for PBXNativeTarget "UnitTesting_Tests" */ = {
			isa = XCConfigurationList;
			buildConfigurations = (
				979B563F29FF3C110059B6DD /* Debug */,
				979B564029FF3C110059B6DD /* Release */,
			);
			defaultConfigurationIsVisible = 0;
			defaultConfigurationName = Release;
		};
/* End XCConfigurationList section */
	};
	rootObject = 979B561729FF36B90059B6DD /* Project object */;
}
