// !$*UTF8*$!
{
	archiveVersion = 1;
	classes = {
	};
	objectVersion = 56;
	objects = {

/* Begin PBXBuildFile section */
		970342802B915B9300064632 /* CWCUnitTestingApp.swift in Sources */ = {isa = PBXBuildFile; fileRef = 9703427F2B915B9300064632 /* CWCUnitTestingApp.swift */; };
		970342822B915B9300064632 /* ContentView.swift in Sources */ = {isa = PBXBuildFile; fileRef = 970342812B915B9300064632 /* ContentView.swift */; };
		970342842B915B9600064632 /* Assets.xcassets in Resources */ = {isa = PBXBuildFile; fileRef = 970342832B915B9600064632 /* Assets.xcassets */; };
		970342872B915B9600064632 /* Preview Assets.xcassets in Resources */ = {isa = PBXBuildFile; fileRef = 970342862B915B9600064632 /* Preview Assets.xcassets */; };
		970342912B915B9600064632 /* CWCUnitTestingTests.swift in Sources */ = {isa = PBXBuildFile; fileRef = 970342902B915B9600064632 /* CWCUnitTestingTests.swift */; };
		9703429B2B915B9700064632 /* CWCUnitTestingUITests.swift in Sources */ = {isa = PBXBuildFile; fileRef = 9703429A2B915B9700064632 /* CWCUnitTestingUITests.swift */; };
		9703429D2B915B9700064632 /* CWCUnitTestingUITestsLaunchTests.swift in Sources */ = {isa = PBXBuildFile; fileRef = 9703429C2B915B9700064632 /* CWCUnitTestingUITestsLaunchTests.swift */; };
		970342AA2B91E00200064632 /* SimpleMaths.swift in Sources */ = {isa = PBXBuildFile; fileRef = 970342A92B91E00200064632 /* SimpleMaths.swift */; };
/* End PBXBuildFile section */

/* Begin PBXContainerItemProxy section */
		9703428D2B915B9600064632 /* PBXContainerItemProxy */ = {
			isa = PBXContainerItemProxy;
			containerPortal = 970342742B915B9300064632 /* Project object */;
			proxyType = 1;
			remoteGlobalIDString = 9703427B2B915B9300064632;
			remoteInfo = CWCUnitTesting;
		};
		970342972B915B9700064632 /* PBXContainerItemProxy */ = {
			isa = PBXContainerItemProxy;
			containerPortal = 970342742B915B9300064632 /* Project object */;
			proxyType = 1;
			remoteGlobalIDString = 9703427B2B915B9300064632;
			remoteInfo = CWCUnitTesting;
		};
/* End PBXContainerItemProxy section */

/* Begin PBXFileReference section */
		9703427C2B915B9300064632 /* CWCUnitTesting.app */ = {isa = PBXFileReference; explicitFileType = wrapper.application; includeInIndex = 0; path = CWCUnitTesting.app; sourceTree = BUILT_PRODUCTS_DIR; };
		9703427F2B915B9300064632 /* CWCUnitTestingApp.swift */ = {isa = PBXFileReference; lastKnownFileType = sourcecode.swift; path = CWCUnitTestingApp.swift; sourceTree = "<group>"; };
		970342812B915B9300064632 /* ContentView.swift */ = {isa = PBXFileReference; lastKnownFileType = sourcecode.swift; path = ContentView.swift; sourceTree = "<group>"; };
		970342832B915B9600064632 /* Assets.xcassets */ = {isa = PBXFileReference; lastKnownFileType = folder.assetcatalog; path = Assets.xcassets; sourceTree = "<group>"; };
		970342862B915B9600064632 /* Preview Assets.xcassets */ = {isa = PBXFileReference; lastKnownFileType = folder.assetcatalog; path = "Preview Assets.xcassets"; sourceTree = "<group>"; };
		9703428C2B915B9600064632 /* CWCUnitTestingTests.xctest */ = {isa = PBXFileReference; explicitFileType = wrapper.cfbundle; includeInIndex = 0; path = CWCUnitTestingTests.xctest; sourceTree = BUILT_PRODUCTS_DIR; };
		970342902B915B9600064632 /* CWCUnitTestingTests.swift */ = {isa = PBXFileReference; lastKnownFileType = sourcecode.swift; path = CWCUnitTestingTests.swift; sourceTree = "<group>"; };
		970342962B915B9700064632 /* CWCUnitTestingUITests.xctest */ = {isa = PBXFileReference; explicitFileType = wrapper.cfbundle; includeInIndex = 0; path = CWCUnitTestingUITests.xctest; sourceTree = BUILT_PRODUCTS_DIR; };
		9703429A2B915B9700064632 /* CWCUnitTestingUITests.swift */ = {isa = PBXFileReference; lastKnownFileType = sourcecode.swift; path = CWCUnitTestingUITests.swift; sourceTree = "<group>"; };
		9703429C2B915B9700064632 /* CWCUnitTestingUITestsLaunchTests.swift */ = {isa = PBXFileReference; lastKnownFileType = sourcecode.swift; path = CWCUnitTestingUITestsLaunchTests.swift; sourceTree = "<group>"; };
		970342A92B91E00200064632 /* SimpleMaths.swift */ = {isa = PBXFileReference; lastKnownFileType = sourcecode.swift; path = SimpleMaths.swift; sourceTree = "<group>"; };
/* End PBXFileReference section */

/* Begin PBXFrameworksBuildPhase section */
		970342792B915B9300064632 /* Frameworks */ = {
			isa = PBXFrameworksBuildPhase;
			buildActionMask = 2147483647;
			files = (
			);
			runOnlyForDeploymentPostprocessing = 0;
		};
		970342892B915B9600064632 /* Frameworks */ = {
			isa = PBXFrameworksBuildPhase;
			buildActionMask = 2147483647;
			files = (
			);
			runOnlyForDeploymentPostprocessing = 0;
		};
		970342932B915B9700064632 /* Frameworks */ = {
			isa = PBXFrameworksBuildPhase;
			buildActionMask = 2147483647;
			files = (
			);
			runOnlyForDeploymentPostprocessing = 0;
		};
/* End PBXFrameworksBuildPhase section */

/* Begin PBXGroup section */
		970342732B915B9300064632 = {
			isa = PBXGroup;
			children = (
				9703427E2B915B9300064632 /* CWCUnitTesting */,
				9703428F2B915B9600064632 /* CWCUnitTestingTests */,
				970342992B915B9700064632 /* CWCUnitTestingUITests */,
				9703427D2B915B9300064632 /* Products */,
			);
			sourceTree = "<group>";
		};
		9703427D2B915B9300064632 /* Products */ = {
			isa = PBXGroup;
			children = (
				9703427C2B915B9300064632 /* CWCUnitTesting.app */,
				9703428C2B915B9600064632 /* CWCUnitTestingTests.xctest */,
				970342962B915B9700064632 /* CWCUnitTestingUITests.xctest */,
			);
			name = Products;
			sourceTree = "<group>";
		};
		9703427E2B915B9300064632 /* CWCUnitTesting */ = {
			isa = PBXGroup;
			children = (
				9703427F2B915B9300064632 /* CWCUnitTestingApp.swift */,
				970342812B915B9300064632 /* ContentView.swift */,
				970342A92B91E00200064632 /* SimpleMaths.swift */,
				970342832B915B9600064632 /* Assets.xcassets */,
				970342852B915B9600064632 /* Preview Content */,
			);
			path = CWCUnitTesting;
			sourceTree = "<group>";
		};
		970342852B915B9600064632 /* Preview Content */ = {
			isa = PBXGroup;
			children = (
				970342862B915B9600064632 /* Preview Assets.xcassets */,
			);
			path = "Preview Content";
			sourceTree = "<group>";
		};
		9703428F2B915B9600064632 /* CWCUnitTestingTests */ = {
			isa = PBXGroup;
			children = (
				970342902B915B9600064632 /* CWCUnitTestingTests.swift */,
			);
			path = CWCUnitTestingTests;
			sourceTree = "<group>";
		};
		970342992B915B9700064632 /* CWCUnitTestingUITests */ = {
			isa = PBXGroup;
			children = (
				9703429A2B915B9700064632 /* CWCUnitTestingUITests.swift */,
				9703429C2B915B9700064632 /* CWCUnitTestingUITestsLaunchTests.swift */,
			);
			path = CWCUnitTestingUITests;
			sourceTree = "<group>";
		};
/* End PBXGroup section */

/* Begin PBXNativeTarget section */
		9703427B2B915B9300064632 /* CWCUnitTesting */ = {
			isa = PBXNativeTarget;
			buildConfigurationList = 970342A02B915B9700064632 /* Build configuration list for PBXNativeTarget "CWCUnitTesting" */;
			buildPhases = (
				970342782B915B9300064632 /* Sources */,
				970342792B915B9300064632 /* Frameworks */,
				9703427A2B915B9300064632 /* Resources */,
			);
			buildRules = (
			);
			dependencies = (
			);
			name = CWCUnitTesting;
			productName = CWCUnitTesting;
			productReference = 9703427C2B915B9300064632 /* CWCUnitTesting.app */;
			productType = "com.apple.product-type.application";
		};
		9703428B2B915B9600064632 /* CWCUnitTestingTests */ = {
			isa = PBXNativeTarget;
			buildConfigurationList = 970342A32B915B9700064632 /* Build configuration list for PBXNativeTarget "CWCUnitTestingTests" */;
			buildPhases = (
				970342882B915B9600064632 /* Sources */,
				970342892B915B9600064632 /* Frameworks */,
				9703428A2B915B9600064632 /* Resources */,
			);
			buildRules = (
			);
			dependencies = (
				9703428E2B915B9600064632 /* PBXTargetDependency */,
			);
			name = CWCUnitTestingTests;
			productName = CWCUnitTestingTests;
			productReference = 9703428C2B915B9600064632 /* CWCUnitTestingTests.xctest */;
			productType = "com.apple.product-type.bundle.unit-test";
		};
		970342952B915B9700064632 /* CWCUnitTestingUITests */ = {
			isa = PBXNativeTarget;
			buildConfigurationList = 970342A62B915B9700064632 /* Build configuration list for PBXNativeTarget "CWCUnitTestingUITests" */;
			buildPhases = (
				970342922B915B9700064632 /* Sources */,
				970342932B915B9700064632 /* Frameworks */,
				970342942B915B9700064632 /* Resources */,
			);
			buildRules = (
			);
			dependencies = (
				970342982B915B9700064632 /* PBXTargetDependency */,
			);
			name = CWCUnitTestingUITests;
			productName = CWCUnitTestingUITests;
			productReference = 970342962B915B9700064632 /* CWCUnitTestingUITests.xctest */;
			productType = "com.apple.product-type.bundle.ui-testing";
		};
/* End PBXNativeTarget section */

/* Begin PBXProject section */
		970342742B915B9300064632 /* Project object */ = {
			isa = PBXProject;
			attributes = {
				BuildIndependentTargetsInParallel = 1;
				LastSwiftUpdateCheck = 1520;
				LastUpgradeCheck = 1520;
				TargetAttributes = {
					9703427B2B915B9300064632 = {
						CreatedOnToolsVersion = 15.2;
					};
					9703428B2B915B9600064632 = {
						CreatedOnToolsVersion = 15.2;
						TestTargetID = 9703427B2B915B9300064632;
					};
					970342952B915B9700064632 = {
						CreatedOnToolsVersion = 15.2;
						TestTargetID = 9703427B2B915B9300064632;
					};
				};
			};
			buildConfigurationList = 970342772B915B9300064632 /* Build configuration list for PBXProject "CWCUnitTesting" */;
			compatibilityVersion = "Xcode 14.0";
			developmentRegion = en;
			hasScannedForEncodings = 0;
			knownRegions = (
				en,
				Base,
			);
			mainGroup = 970342732B915B9300064632;
			productRefGroup = 9703427D2B915B9300064632 /* Products */;
			projectDirPath = "";
			projectRoot = "";
			targets = (
				9703427B2B915B9300064632 /* CWCUnitTesting */,
				9703428B2B915B9600064632 /* CWCUnitTestingTests */,
				970342952B915B9700064632 /* CWCUnitTestingUITests */,
			);
		};
/* End PBXProject section */

/* Begin PBXResourcesBuildPhase section */
		9703427A2B915B9300064632 /* Resources */ = {
			isa = PBXResourcesBuildPhase;
			buildActionMask = 2147483647;
			files = (
				970342872B915B9600064632 /* Preview Assets.xcassets in Resources */,
				970342842B915B9600064632 /* Assets.xcassets in Resources */,
			);
			runOnlyForDeploymentPostprocessing = 0;
		};
		9703428A2B915B9600064632 /* Resources */ = {
			isa = PBXResourcesBuildPhase;
			buildActionMask = 2147483647;
			files = (
			);
			runOnlyForDeploymentPostprocessing = 0;
		};
		970342942B915B9700064632 /* Resources */ = {
			isa = PBXResourcesBuildPhase;
			buildActionMask = 2147483647;
			files = (
			);
			runOnlyForDeploymentPostprocessing = 0;
		};
/* End PBXResourcesBuildPhase section */

/* Begin PBXSourcesBuildPhase section */
		970342782B915B9300064632 /* Sources */ = {
			isa = PBXSourcesBuildPhase;
			buildActionMask = 2147483647;
			files = (
				970342AA2B91E00200064632 /* SimpleMaths.swift in Sources */,
				970342822B915B9300064632 /* ContentView.swift in Sources */,
				970342802B915B9300064632 /* CWCUnitTestingApp.swift in Sources */,
			);
			runOnlyForDeploymentPostprocessing = 0;
		};
		970342882B915B9600064632 /* Sources */ = {
			isa = PBXSourcesBuildPhase;
			buildActionMask = 2147483647;
			files = (
				970342912B915B9600064632 /* CWCUnitTestingTests.swift in Sources */,
			);
			runOnlyForDeploymentPostprocessing = 0;
		};
		970342922B915B9700064632 /* Sources */ = {
			isa = PBXSourcesBuildPhase;
			buildActionMask = 2147483647;
			files = (
				9703429B2B915B9700064632 /* CWCUnitTestingUITests.swift in Sources */,
				9703429D2B915B9700064632 /* CWCUnitTestingUITestsLaunchTests.swift in Sources */,
			);
			runOnlyForDeploymentPostprocessing = 0;
		};
/* End PBXSourcesBuildPhase section */

/* Begin PBXTargetDependency section */
		9703428E2B915B9600064632 /* PBXTargetDependency */ = {
			isa = PBXTargetDependency;
			target = 9703427B2B915B9300064632 /* CWCUnitTesting */;
			targetProxy = 9703428D2B915B9600064632 /* PBXContainerItemProxy */;
		};
		970342982B915B9700064632 /* PBXTargetDependency */ = {
			isa = PBXTargetDependency;
			target = 9703427B2B915B9300064632 /* CWCUnitTesting */;
			targetProxy = 970342972B915B9700064632 /* PBXContainerItemProxy */;
		};
/* End PBXTargetDependency section */

/* Begin XCBuildConfiguration section */
		9703429E2B915B9700064632 /* Debug */ = {
			isa = XCBuildConfiguration;
			buildSettings = {
				ALWAYS_SEARCH_USER_PATHS = NO;
				ASSETCATALOG_COMPILER_GENERATE_SWIFT_ASSET_SYMBOL_EXTENSIONS = YES;
				CLANG_ANALYZER_NONNULL = YES;
				CLANG_ANALYZER_NUMBER_OBJECT_CONVERSION = YES_AGGRESSIVE;
				CLANG_CXX_LANGUAGE_STANDARD = "gnu++20";
				CLANG_ENABLE_MODULES = YES;
				CLANG_ENABLE_OBJC_ARC = YES;
				CLANG_ENABLE_OBJC_WEAK = YES;
				CLANG_WARN_BLOCK_CAPTURE_AUTORELEASING = YES;
				CLANG_WARN_BOOL_CONVERSION = YES;
				CLANG_WARN_COMMA = YES;
				CLANG_WARN_CONSTANT_CONVERSION = YES;
				CLANG_WARN_DEPRECATED_OBJC_IMPLEMENTATIONS = YES;
				CLANG_WARN_DIRECT_OBJC_ISA_USAGE = YES_ERROR;
				CLANG_WARN_DOCUMENTATION_COMMENTS = YES;
				CLANG_WARN_EMPTY_BODY = YES;
				CLANG_WARN_ENUM_CONVERSION = YES;
				CLANG_WARN_INFINITE_RECURSION = YES;
				CLANG_WARN_INT_CONVERSION = YES;
				CLANG_WARN_NON_LITERAL_NULL_CONVERSION = YES;
				CLANG_WARN_OBJC_IMPLICIT_RETAIN_SELF = YES;
				CLANG_WARN_OBJC_LITERAL_CONVERSION = YES;
				CLANG_WARN_OBJC_ROOT_CLASS = YES_ERROR;
				CLANG_WARN_QUOTED_INCLUDE_IN_FRAMEWORK_HEADER = YES;
				CLANG_WARN_RANGE_LOOP_ANALYSIS = YES;
				CLANG_WARN_STRICT_PROTOTYPES = YES;
				CLANG_WARN_SUSPICIOUS_MOVE = YES;
				CLANG_WARN_UNGUARDED_AVAILABILITY = YES_AGGRESSIVE;
				CLANG_WARN_UNREACHABLE_CODE = YES;
				CLANG_WARN__DUPLICATE_METHOD_MATCH = YES;
				COPY_PHASE_STRIP = NO;
				DEBUG_INFORMATION_FORMAT = dwarf;
				ENABLE_STRICT_OBJC_MSGSEND = YES;
				ENABLE_TESTABILITY = YES;
				ENABLE_USER_SCRIPT_SANDBOXING = YES;
				GCC_C_LANGUAGE_STANDARD = gnu17;
				GCC_DYNAMIC_NO_PIC = NO;
				GCC_NO_COMMON_BLOCKS = YES;
				GCC_OPTIMIZATION_LEVEL = 0;
				GCC_PREPROCESSOR_DEFINITIONS = (
					"DEBUG=1",
					"$(inherited)",
				);
				GCC_WARN_64_TO_32_BIT_CONVERSION = YES;
				GCC_WARN_ABOUT_RETURN_TYPE = YES_ERROR;
				GCC_WARN_UNDECLARED_SELECTOR = YES;
				GCC_WARN_UNINITIALIZED_AUTOS = YES_AGGRESSIVE;
				GCC_WARN_UNUSED_FUNCTION = YES;
				GCC_WARN_UNUSED_VARIABLE = YES;
				IPHONEOS_DEPLOYMENT_TARGET = 17.2;
				LOCALIZATION_PREFERS_STRING_CATALOGS = YES;
				MTL_ENABLE_DEBUG_INFO = INCLUDE_SOURCE;
				MTL_FAST_MATH = YES;
				ONLY_ACTIVE_ARCH = YES;
				SDKROOT = iphoneos;
				SWIFT_ACTIVE_COMPILATION_CONDITIONS = "DEBUG $(inherited)";
				SWIFT_OPTIMIZATION_LEVEL = "-Onone";
			};
			name = Debug;
		};
		9703429F2B915B9700064632 /* Release */ = {
			isa = XCBuildConfiguration;
			buildSettings = {
				ALWAYS_SEARCH_USER_PATHS = NO;
				ASSETCATALOG_COMPILER_GENERATE_SWIFT_ASSET_SYMBOL_EXTENSIONS = YES;
				CLANG_ANALYZER_NONNULL = YES;
				CLANG_ANALYZER_NUMBER_OBJECT_CONVERSION = YES_AGGRESSIVE;
				CLANG_CXX_LANGUAGE_STANDARD = "gnu++20";
				CLANG_ENABLE_MODULES = YES;
				CLANG_ENABLE_OBJC_ARC = YES;
				CLANG_ENABLE_OBJC_WEAK = YES;
				CLANG_WARN_BLOCK_CAPTURE_AUTORELEASING = YES;
				CLANG_WARN_BOOL_CONVERSION = YES;
				CLANG_WARN_COMMA = YES;
				CLANG_WARN_CONSTANT_CONVERSION = YES;
				CLANG_WARN_DEPRECATED_OBJC_IMPLEMENTATIONS = YES;
				CLANG_WARN_DIRECT_OBJC_ISA_USAGE = YES_ERROR;
				CLANG_WARN_DOCUMENTATION_COMMENTS = YES;
				CLANG_WARN_EMPTY_BODY = YES;
				CLANG_WARN_ENUM_CONVERSION = YES;
				CLANG_WARN_INFINITE_RECURSION = YES;
				CLANG_WARN_INT_CONVERSION = YES;
				CLANG_WARN_NON_LITERAL_NULL_CONVERSION = YES;
				CLANG_WARN_OBJC_IMPLICIT_RETAIN_SELF = YES;
				CLANG_WARN_OBJC_LITERAL_CONVERSION = YES;
				CLANG_WARN_OBJC_ROOT_CLASS = YES_ERROR;
				CLANG_WARN_QUOTED_INCLUDE_IN_FRAMEWORK_HEADER = YES;
				CLANG_WARN_RANGE_LOOP_ANALYSIS = YES;
				CLANG_WARN_STRICT_PROTOTYPES = YES;
				CLANG_WARN_SUSPICIOUS_MOVE = YES;
				CLANG_WARN_UNGUARDED_AVAILABILITY = YES_AGGRESSIVE;
				CLANG_WARN_UNREACHABLE_CODE = YES;
				CLANG_WARN__DUPLICATE_METHOD_MATCH = YES;
				COPY_PHASE_STRIP = NO;
				DEBUG_INFORMATION_FORMAT = "dwarf-with-dsym";
				ENABLE_NS_ASSERTIONS = NO;
				ENABLE_STRICT_OBJC_MSGSEND = YES;
				ENABLE_USER_SCRIPT_SANDBOXING = YES;
				GCC_C_LANGUAGE_STANDARD = gnu17;
				GCC_NO_COMMON_BLOCKS = YES;
				GCC_WARN_64_TO_32_BIT_CONVERSION = YES;
				GCC_WARN_ABOUT_RETURN_TYPE = YES_ERROR;
				GCC_WARN_UNDECLARED_SELECTOR = YES;
				GCC_WARN_UNINITIALIZED_AUTOS = YES_AGGRESSIVE;
				GCC_WARN_UNUSED_FUNCTION = YES;
				GCC_WARN_UNUSED_VARIABLE = YES;
				IPHONEOS_DEPLOYMENT_TARGET = 17.2;
				LOCALIZATION_PREFERS_STRING_CATALOGS = YES;
				MTL_ENABLE_DEBUG_INFO = NO;
				MTL_FAST_MATH = YES;
				SDKROOT = iphoneos;
				SWIFT_COMPILATION_MODE = wholemodule;
				VALIDATE_PRODUCT = YES;
			};
			name = Release;
		};
		970342A12B915B9700064632 /* Debug */ = {
			isa = XCBuildConfiguration;
			buildSettings = {
				ASSETCATALOG_COMPILER_APPICON_NAME = AppIcon;
				ASSETCATALOG_COMPILER_GLOBAL_ACCENT_COLOR_NAME = AccentColor;
				CODE_SIGN_STYLE = Automatic;
				CURRENT_PROJECT_VERSION = 1;
				DEVELOPMENT_ASSET_PATHS = "\"CWCUnitTesting/Preview Content\"";
				DEVELOPMENT_TEAM = 5H48BX5PSY;
				ENABLE_PREVIEWS = YES;
				GENERATE_INFOPLIST_FILE = YES;
				INFOPLIST_KEY_UIApplicationSceneManifest_Generation = YES;
				INFOPLIST_KEY_UIApplicationSupportsIndirectInputEvents = YES;
				INFOPLIST_KEY_UILaunchScreen_Generation = YES;
				INFOPLIST_KEY_UISupportedInterfaceOrientations_iPad = "UIInterfaceOrientationPortrait UIInterfaceOrientationPortraitUpsideDown UIInterfaceOrientationLandscapeLeft UIInterfaceOrientationLandscapeRight";
				INFOPLIST_KEY_UISupportedInterfaceOrientations_iPhone = "UIInterfaceOrientationPortrait UIInterfaceOrientationLandscapeLeft UIInterfaceOrientationLandscapeRight";
				LD_RUNPATH_SEARCH_PATHS = (
					"$(inherited)",
					"@executable_path/Frameworks",
				);
				MARKETING_VERSION = 1.0;
				PRODUCT_BUNDLE_IDENTIFIER = me.Salah.Azoz.CWCUnitTesting;
				PRODUCT_NAME = "$(TARGET_NAME)";
				SWIFT_EMIT_LOC_STRINGS = YES;
				SWIFT_VERSION = 5.0;
				TARGETED_DEVICE_FAMILY = "1,2";
			};
			name = Debug;
		};
		970342A22B915B9700064632 /* Release */ = {
			isa = XCBuildConfiguration;
			buildSettings = {
				ASSETCATALOG_COMPILER_APPICON_NAME = AppIcon;
				ASSETCATALOG_COMPILER_GLOBAL_ACCENT_COLOR_NAME = AccentColor;
				CODE_SIGN_STYLE = Automatic;
				CURRENT_PROJECT_VERSION = 1;
				DEVELOPMENT_ASSET_PATHS = "\"CWCUnitTesting/Preview Content\"";
				DEVELOPMENT_TEAM = 5H48BX5PSY;
				ENABLE_PREVIEWS = YES;
				GENERATE_INFOPLIST_FILE = YES;
				INFOPLIST_KEY_UIApplicationSceneManifest_Generation = YES;
				INFOPLIST_KEY_UIApplicationSupportsIndirectInputEvents = YES;
				INFOPLIST_KEY_UILaunchScreen_Generation = YES;
				INFOPLIST_KEY_UISupportedInterfaceOrientations_iPad = "UIInterfaceOrientationPortrait UIInterfaceOrientationPortraitUpsideDown UIInterfaceOrientationLandscapeLeft UIInterfaceOrientationLandscapeRight";
				INFOPLIST_KEY_UISupportedInterfaceOrientations_iPhone = "UIInterfaceOrientationPortrait UIInterfaceOrientationLandscapeLeft UIInterfaceOrientationLandscapeRight";
				LD_RUNPATH_SEARCH_PATHS = (
					"$(inherited)",
					"@executable_path/Frameworks",
				);
				MARKETING_VERSION = 1.0;
				PRODUCT_BUNDLE_IDENTIFIER = me.Salah.Azoz.CWCUnitTesting;
				PRODUCT_NAME = "$(TARGET_NAME)";
				SWIFT_EMIT_LOC_STRINGS = YES;
				SWIFT_VERSION = 5.0;
				TARGETED_DEVICE_FAMILY = "1,2";
			};
			name = Release;
		};
		970342A42B915B9700064632 /* Debug */ = {
			isa = XCBuildConfiguration;
			buildSettings = {
				ALWAYS_EMBED_SWIFT_STANDARD_LIBRARIES = YES;
				BUNDLE_LOADER = "$(TEST_HOST)";
				CODE_SIGN_STYLE = Automatic;
				CURRENT_PROJECT_VERSION = 1;
				DEVELOPMENT_TEAM = 5H48BX5PSY;
				GENERATE_INFOPLIST_FILE = YES;
				IPHONEOS_DEPLOYMENT_TARGET = 17.2;
				MARKETING_VERSION = 1.0;
				PRODUCT_BUNDLE_IDENTIFIER = me.Salah.Azoz.CWCUnitTestingTests;
				PRODUCT_NAME = "$(TARGET_NAME)";
				SWIFT_EMIT_LOC_STRINGS = NO;
				SWIFT_VERSION = 5.0;
				TARGETED_DEVICE_FAMILY = "1,2";
				TEST_HOST = "$(BUILT_PRODUCTS_DIR)/CWCUnitTesting.app/$(BUNDLE_EXECUTABLE_FOLDER_PATH)/CWCUnitTesting";
			};
			name = Debug;
		};
		970342A52B915B9700064632 /* Release */ = {
			isa = XCBuildConfiguration;
			buildSettings = {
				ALWAYS_EMBED_SWIFT_STANDARD_LIBRARIES = YES;
				BUNDLE_LOADER = "$(TEST_HOST)";
				CODE_SIGN_STYLE = Automatic;
				CURRENT_PROJECT_VERSION = 1;
				DEVELOPMENT_TEAM = 5H48BX5PSY;
				GENERATE_INFOPLIST_FILE = YES;
				IPHONEOS_DEPLOYMENT_TARGET = 17.2;
				MARKETING_VERSION = 1.0;
				PRODUCT_BUNDLE_IDENTIFIER = me.Salah.Azoz.CWCUnitTestingTests;
				PRODUCT_NAME = "$(TARGET_NAME)";
				SWIFT_EMIT_LOC_STRINGS = NO;
				SWIFT_VERSION = 5.0;
				TARGETED_DEVICE_FAMILY = "1,2";
				TEST_HOST = "$(BUILT_PRODUCTS_DIR)/CWCUnitTesting.app/$(BUNDLE_EXECUTABLE_FOLDER_PATH)/CWCUnitTesting";
			};
			name = Release;
		};
		970342A72B915B9700064632 /* Debug */ = {
			isa = XCBuildConfiguration;
			buildSettings = {
				ALWAYS_EMBED_SWIFT_STANDARD_LIBRARIES = YES;
				CODE_SIGN_STYLE = Automatic;
				CURRENT_PROJECT_VERSION = 1;
				DEVELOPMENT_TEAM = 5H48BX5PSY;
				GENERATE_INFOPLIST_FILE = YES;
				MARKETING_VERSION = 1.0;
				PRODUCT_BUNDLE_IDENTIFIER = me.Salah.Azoz.CWCUnitTestingUITests;
				PRODUCT_NAME = "$(TARGET_NAME)";
				SWIFT_EMIT_LOC_STRINGS = NO;
				SWIFT_VERSION = 5.0;
				TARGETED_DEVICE_FAMILY = "1,2";
				TEST_TARGET_NAME = CWCUnitTesting;
			};
			name = Debug;
		};
		970342A82B915B9700064632 /* Release */ = {
			isa = XCBuildConfiguration;
			buildSettings = {
				ALWAYS_EMBED_SWIFT_STANDARD_LIBRARIES = YES;
				CODE_SIGN_STYLE = Automatic;
				CURRENT_PROJECT_VERSION = 1;
				DEVELOPMENT_TEAM = 5H48BX5PSY;
				GENERATE_INFOPLIST_FILE = YES;
				MARKETING_VERSION = 1.0;
				PRODUCT_BUNDLE_IDENTIFIER = me.Salah.Azoz.CWCUnitTestingUITests;
				PRODUCT_NAME = "$(TARGET_NAME)";
				SWIFT_EMIT_LOC_STRINGS = NO;
				SWIFT_VERSION = 5.0;
				TARGETED_DEVICE_FAMILY = "1,2";
				TEST_TARGET_NAME = CWCUnitTesting;
			};
			name = Release;
		};
/* End XCBuildConfiguration section */

/* Begin XCConfigurationList section */
		970342772B915B9300064632 /* Build configuration list for PBXProject "CWCUnitTesting" */ = {
			isa = XCConfigurationList;
			buildConfigurations = (
				9703429E2B915B9700064632 /* Debug */,
				9703429F2B915B9700064632 /* Release */,
			);
			defaultConfigurationIsVisible = 0;
			defaultConfigurationName = Release;
		};
		970342A02B915B9700064632 /* Build configuration list for PBXNativeTarget "CWCUnitTesting" */ = {
			isa = XCConfigurationList;
			buildConfigurations = (
				970342A12B915B9700064632 /* Debug */,
				970342A22B915B9700064632 /* Release */,
			);
			defaultConfigurationIsVisible = 0;
			defaultConfigurationName = Release;
		};
		970342A32B915B9700064632 /* Build configuration list for PBXNativeTarget "CWCUnitTestingTests" */ = {
			isa = XCConfigurationList;
			buildConfigurations = (
				970342A42B915B9700064632 /* Debug */,
				970342A52B915B9700064632 /* Release */,
			);
			defaultConfigurationIsVisible = 0;
			defaultConfigurationName = Release;
		};
		970342A62B915B9700064632 /* Build configuration list for PBXNativeTarget "CWCUnitTestingUITests" */ = {
			isa = XCConfigurationList;
			buildConfigurations = (
				970342A72B915B9700064632 /* Debug */,
				970342A82B915B9700064632 /* Release */,
			);
			defaultConfigurationIsVisible = 0;
			defaultConfigurationName = Release;
		};
/* End XCConfigurationList section */
	};
	rootObject = 970342742B915B9300064632 /* Project object */;
}
